{
  "pins" : [
    {
      "identity" : "appleconnect",
      "kind" : "remoteSourceControl",
      "location" : "https://github.com/saagarjha/AppleConnect.git",
      "state" : {
        "branch" : "main",
        "revision" : "fc826eca2b50cdec69781c82c4dd03a2d9e51981"
      }
    },
    {
      "identity" : "cod",
      "kind" : "remoteSourceControl",
      "location" : "https://github.com/saagarjha/Cod.git",
      "state" : {
        "branch" : "main",
        "revision" : "9ab61a00a5d9e4d21ed15af36734ea435cb4cf8c"
      }
    }
  ],
  "version" : 2
}
