{
  "originHash" : "84db83d7b57406c6883914d413f920366b77c9d954cf952f524afdd3e0c80418",
  "pins" : [
    {
      "identity" : "appleconnect",
      "kind" : "remoteSourceControl",
      "location" : "https://github.com/saagarjha/AppleConnect.git",
      "state" : {
        "branch" : "main",
        "revision" : "56b1ce222d8d5902b2d2dc224ba62d4361d9065c"
      }
    },
    {
      "identity" : "chronicle",
      "kind" : "remoteSourceControl",
      "location" : "https://github.com/saagarjha/Chronicle.git",
      "state" : {
        "branch" : "main",
        "revision" : "2e442a8f1e559a5e4807955b741520db8127b1f2"
      }
    },
    {
      "identity" : "cod",
      "kind" : "remoteSourceControl",
      "location" : "https://github.com/saagarjha/Cod.git",
      "state" : {
        "branch" : "main",
        "revision" : "c359a08accfb49662a17cdfc5e333c7b4e5c2c56"
      }
    }
  ],
  "version" : 3
}
