{
  "pins" : [
    {
      "identity" : "appleconnect",
      "kind" : "remoteSourceControl",
      "location" : "https://github.com/saagarjha/AppleConnect.git",
      "state" : {
        "branch" : "main",
        "revision" : "56b1ce222d8d5902b2d2dc224ba62d4361d9065c"
      }
    },
    {
      "identity" : "chronicle",
      "kind" : "remoteSourceControl",
      "location" : "https://github.com/saagarjha/Chronicle.git",
      "state" : {
        "branch" : "main",
        "revision" : "5bda5f91eb303ab9cf6f266473d790116c15215a"
      }
    },
    {
      "identity" : "cod",
      "kind" : "remoteSourceControl",
      "location" : "https://github.com/saagarjha/Cod.git",
      "state" : {
        "branch" : "main",
        "revision" : "c359a08accfb49662a17cdfc5e333c7b4e5c2c56"
      }
    }
  ],
  "version" : 2
}
